// !$*UTF8*$!
{
	archiveVersion = 1;
	classes = {
	};
	objectVersion = 46;
	objects = {

/* Begin PBXBuildFile section */
		7EFB3D221F188BE4003ABDC2 /* AppDelegate.swift in Sources */ = {isa = PBXBuildFile; fileRef = 7EFB3D211F188BE4003ABDC2 /* AppDelegate.swift */; };
		7EFB3D241F188BE4003ABDC2 /* ViewController.swift in Sources */ = {isa = PBXBuildFile; fileRef = 7EFB3D231F188BE4003ABDC2 /* ViewController.swift */; };
		7EFB3D271F188BE4003ABDC2 /* Main.storyboard in Resources */ = {isa = PBXBuildFile; fileRef = 7EFB3D251F188BE4003ABDC2 /* Main.storyboard */; };
		7EFB3D291F188BE4003ABDC2 /* Assets.xcassets in Resources */ = {isa = PBXBuildFile; fileRef = 7EFB3D281F188BE4003ABDC2 /* Assets.xcassets */; };
		7EFB3D2C1F188BE4003ABDC2 /* LaunchScreen.storyboard in Resources */ = {isa = PBXBuildFile; fileRef = 7EFB3D2A1F188BE4003ABDC2 /* LaunchScreen.storyboard */; };
		7EFB3D371F188BE4003ABDC2 /* TransitionAnimationsTests.swift in Sources */ = {isa = PBXBuildFile; fileRef = 7EFB3D361F188BE4003ABDC2 /* TransitionAnimationsTests.swift */; };
		7EFB3D421F189AAE003ABDC2 /* TransitioningAnimator.swift in Sources */ = {isa = PBXBuildFile; fileRef = 7EFB3D411F189AAE003ABDC2 /* TransitioningAnimator.swift */; };
/* End PBXBuildFile section */

/* Begin PBXContainerItemProxy section */
		7EFB3D331F188BE4003ABDC2 /* PBXContainerItemProxy */ = {
			isa = PBXContainerItemProxy;
			containerPortal = 7EFB3D161F188BE4003ABDC2 /* Project object */;
			proxyType = 1;
			remoteGlobalIDString = 7EFB3D1D1F188BE4003ABDC2;
			remoteInfo = TransitionAnimations;
		};
/* End PBXContainerItemProxy section */

/* Begin PBXFileReference section */
		7EFB3D1E1F188BE4003ABDC2 /* TransitionAnimations.app */ = {isa = PBXFileReference; explicitFileType = wrapper.application; includeInIndex = 0; path = TransitionAnimations.app; sourceTree = BUILT_PRODUCTS_DIR; };
		7EFB3D211F188BE4003ABDC2 /* AppDelegate.swift */ = {isa = PBXFileReference; lastKnownFileType = sourcecode.swift; path = AppDelegate.swift; sourceTree = "<group>"; };
		7EFB3D231F188BE4003ABDC2 /* ViewController.swift */ = {isa = PBXFileReference; lastKnownFileType = sourcecode.swift; path = ViewController.swift; sourceTree = "<group>"; };
		7EFB3D261F188BE4003ABDC2 /* Base */ = {isa = PBXFileReference; lastKnownFileType = file.storyboard; name = Base; path = Base.lproj/Main.storyboard; sourceTree = "<group>"; };
		7EFB3D281F188BE4003ABDC2 /* Assets.xcassets */ = {isa = PBXFileReference; lastKnownFileType = folder.assetcatalog; path = Assets.xcassets; sourceTree = "<group>"; };
		7EFB3D2B1F188BE4003ABDC2 /* Base */ = {isa = PBXFileReference; lastKnownFileType = file.storyboard; name = Base; path = Base.lproj/LaunchScreen.storyboard; sourceTree = "<group>"; };
		7EFB3D2D1F188BE4003ABDC2 /* Info.plist */ = {isa = PBXFileReference; lastKnownFileType = text.plist.xml; path = Info.plist; sourceTree = "<group>"; };
		7EFB3D321F188BE4003ABDC2 /* TransitionAnimationsTests.xctest */ = {isa = PBXFileReference; explicitFileType = wrapper.cfbundle; includeInIndex = 0; path = TransitionAnimationsTests.xctest; sourceTree = BUILT_PRODUCTS_DIR; };
		7EFB3D361F188BE4003ABDC2 /* TransitionAnimationsTests.swift */ = {isa = PBXFileReference; lastKnownFileType = sourcecode.swift; path = TransitionAnimationsTests.swift; sourceTree = "<group>"; };
		7EFB3D381F188BE4003ABDC2 /* Info.plist */ = {isa = PBXFileReference; lastKnownFileType = text.plist.xml; path = Info.plist; sourceTree = "<group>"; };
		7EFB3D411F189AAE003ABDC2 /* TransitioningAnimator.swift */ = {isa = PBXFileReference; fileEncoding = 4; lastKnownFileType = sourcecode.swift; path = TransitioningAnimator.swift; sourceTree = "<group>"; };
/* End PBXFileReference section */

/* Begin PBXFrameworksBuildPhase section */
		7EFB3D1B1F188BE4003ABDC2 /* Frameworks */ = {
			isa = PBXFrameworksBuildPhase;
			buildActionMask = 2147483647;
			files = (
			);
			runOnlyForDeploymentPostprocessing = 0;
		};
		7EFB3D2F1F188BE4003ABDC2 /* Frameworks */ = {
			isa = PBXFrameworksBuildPhase;
			buildActionMask = 2147483647;
			files = (
			);
			runOnlyForDeploymentPostprocessing = 0;
		};
/* End PBXFrameworksBuildPhase section */

/* Begin PBXGroup section */
		7EFB3D151F188BE4003ABDC2 = {
			isa = PBXGroup;
			children = (
				7EFB3D201F188BE4003ABDC2 /* TransitionAnimations */,
				7EFB3D351F188BE4003ABDC2 /* TransitionAnimationsTests */,
				7EFB3D1F1F188BE4003ABDC2 /* Products */,
			);
			sourceTree = "<group>";
		};
		7EFB3D1F1F188BE4003ABDC2 /* Products */ = {
			isa = PBXGroup;
			children = (
				7EFB3D1E1F188BE4003ABDC2 /* TransitionAnimations.app */,
				7EFB3D321F188BE4003ABDC2 /* TransitionAnimationsTests.xctest */,
			);
			name = Products;
			sourceTree = "<group>";
		};
		7EFB3D201F188BE4003ABDC2 /* TransitionAnimations */ = {
			isa = PBXGroup;
			children = (
				7EFB3D211F188BE4003ABDC2 /* AppDelegate.swift */,
				7EFB3D231F188BE4003ABDC2 /* ViewController.swift */,
				7EFB3D251F188BE4003ABDC2 /* Main.storyboard */,
				7EFB3D281F188BE4003ABDC2 /* Assets.xcassets */,
				7EFB3D2A1F188BE4003ABDC2 /* LaunchScreen.storyboard */,
				7EFB3D2D1F188BE4003ABDC2 /* Info.plist */,
				7EFB3D411F189AAE003ABDC2 /* TransitioningAnimator.swift */,
			);
			path = TransitionAnimations;
			sourceTree = "<group>";
		};
		7EFB3D351F188BE4003ABDC2 /* TransitionAnimationsTests */ = {
			isa = PBXGroup;
			children = (
				7EFB3D361F188BE4003ABDC2 /* TransitionAnimationsTests.swift */,
				7EFB3D381F188BE4003ABDC2 /* Info.plist */,
			);
			path = TransitionAnimationsTests;
			sourceTree = "<group>";
		};
/* End PBXGroup section */

/* Begin PBXNativeTarget section */
		7EFB3D1D1F188BE4003ABDC2 /* TransitionAnimations */ = {
			isa = PBXNativeTarget;
			buildConfigurationList = 7EFB3D3B1F188BE4003ABDC2 /* Build configuration list for PBXNativeTarget "TransitionAnimations" */;
			buildPhases = (
				7EFB3D1A1F188BE4003ABDC2 /* Sources */,
				7EFB3D1B1F188BE4003ABDC2 /* Frameworks */,
				7EFB3D1C1F188BE4003ABDC2 /* Resources */,
			);
			buildRules = (
			);
			dependencies = (
			);
			name = TransitionAnimations;
			productName = TransitionAnimations;
			productReference = 7EFB3D1E1F188BE4003ABDC2 /* TransitionAnimations.app */;
			productType = "com.apple.product-type.application";
		};
		7EFB3D311F188BE4003ABDC2 /* TransitionAnimationsTests */ = {
			isa = PBXNativeTarget;
			buildConfigurationList = 7EFB3D3E1F188BE4003ABDC2 /* Build configuration list for PBXNativeTarget "TransitionAnimationsTests" */;
			buildPhases = (
				7EFB3D2E1F188BE4003ABDC2 /* Sources */,
				7EFB3D2F1F188BE4003ABDC2 /* Frameworks */,
				7EFB3D301F188BE4003ABDC2 /* Resources */,
			);
			buildRules = (
			);
			dependencies = (
				7EFB3D341F188BE4003ABDC2 /* PBXTargetDependency */,
			);
			name = TransitionAnimationsTests;
			productName = TransitionAnimationsTests;
			productReference = 7EFB3D321F188BE4003ABDC2 /* TransitionAnimationsTests.xctest */;
			productType = "com.apple.product-type.bundle.unit-test";
		};
/* End PBXNativeTarget section */

/* Begin PBXProject section */
		7EFB3D161F188BE4003ABDC2 /* Project object */ = {
			isa = PBXProject;
			attributes = {
				LastSwiftUpdateCheck = 0820;
				LastUpgradeCheck = 0820;
				ORGANIZATIONNAME = Sarawanak;
				TargetAttributes = {
					7EFB3D1D1F188BE4003ABDC2 = {
						CreatedOnToolsVersion = 8.2.1;
						ProvisioningStyle = Automatic;
					};
					7EFB3D311F188BE4003ABDC2 = {
						CreatedOnToolsVersion = 8.2.1;
						ProvisioningStyle = Automatic;
						TestTargetID = 7EFB3D1D1F188BE4003ABDC2;
					};
				};
			};
			buildConfigurationList = 7EFB3D191F188BE4003ABDC2 /* Build configuration list for PBXProject "TransitionAnimations" */;
			compatibilityVersion = "Xcode 3.2";
			developmentRegion = English;
			hasScannedForEncodings = 0;
			knownRegions = (
				en,
				Base,
			);
			mainGroup = 7EFB3D151F188BE4003ABDC2;
			productRefGroup = 7EFB3D1F1F188BE4003ABDC2 /* Products */;
			projectDirPath = "";
			projectRoot = "";
			targets = (
				7EFB3D1D1F188BE4003ABDC2 /* TransitionAnimations */,
				7EFB3D311F188BE4003ABDC2 /* TransitionAnimationsTests */,
			);
		};
/* End PBXProject section */

/* Begin PBXResourcesBuildPhase section */
		7EFB3D1C1F188BE4003ABDC2 /* Resources */ = {
			isa = PBXResourcesBuildPhase;
			buildActionMask = 2147483647;
			files = (
				7EFB3D2C1F188BE4003ABDC2 /* LaunchScreen.storyboard in Resources */,
				7EFB3D291F188BE4003ABDC2 /* Assets.xcassets in Resources */,
				7EFB3D271F188BE4003ABDC2 /* Main.storyboard in Resources */,
			);
			runOnlyForDeploymentPostprocessing = 0;
		};
		7EFB3D301F188BE4003ABDC2 /* Resources */ = {
			isa = PBXResourcesBuildPhase;
			buildActionMask = 2147483647;
			files = (
			);
			runOnlyForDeploymentPostprocessing = 0;
		};
/* End PBXResourcesBuildPhase section */

/* Begin PBXSourcesBuildPhase section */
		7EFB3D1A1F188BE4003ABDC2 /* Sources */ = {
			isa = PBXSourcesBuildPhase;
			buildActionMask = 2147483647;
			files = (
				7EFB3D421F189AAE003ABDC2 /* TransitioningAnimator.swift in Sources */,
				7EFB3D241F188BE4003ABDC2 /* ViewController.swift in Sources */,
				7EFB3D221F188BE4003ABDC2 /* AppDelegate.swift in Sources */,
			);
			runOnlyForDeploymentPostprocessing = 0;
		};
		7EFB3D2E1F188BE4003ABDC2 /* Sources */ = {
			isa = PBXSourcesBuildPhase;
			buildActionMask = 2147483647;
			files = (
				7EFB3D371F188BE4003ABDC2 /* TransitionAnimationsTests.swift in Sources */,
			);
			runOnlyForDeploymentPostprocessing = 0;
		};
/* End PBXSourcesBuildPhase section */

/* Begin PBXTargetDependency section */
		7EFB3D341F188BE4003ABDC2 /* PBXTargetDependency */ = {
			isa = PBXTargetDependency;
			target = 7EFB3D1D1F188BE4003ABDC2 /* TransitionAnimations */;
			targetProxy = 7EFB3D331F188BE4003ABDC2 /* PBXContainerItemProxy */;
		};
/* End PBXTargetDependency section */

/* Begin PBXVariantGroup section */
		7EFB3D251F188BE4003ABDC2 /* Main.storyboard */ = {
			isa = PBXVariantGroup;
			children = (
				7EFB3D261F188BE4003ABDC2 /* Base */,
			);
			name = Main.storyboard;
			sourceTree = "<group>";
		};
		7EFB3D2A1F188BE4003ABDC2 /* LaunchScreen.storyboard */ = {
			isa = PBXVariantGroup;
			children = (
				7EFB3D2B1F188BE4003ABDC2 /* Base */,
			);
			name = LaunchScreen.storyboard;
			sourceTree = "<group>";
		};
/* End PBXVariantGroup section */

/* Begin XCBuildConfiguration section */
		7EFB3D391F188BE4003ABDC2 /* Debug */ = {
			isa = XCBuildConfiguration;
			buildSettings = {
				ALWAYS_SEARCH_USER_PATHS = NO;
				CLANG_ANALYZER_NONNULL = YES;
				CLANG_CXX_LANGUAGE_STANDARD = "gnu++0x";
				CLANG_CXX_LIBRARY = "libc++";
				CLANG_ENABLE_MODULES = YES;
				CLANG_ENABLE_OBJC_ARC = YES;
				CLANG_WARN_BOOL_CONVERSION = YES;
				CLANG_WARN_CONSTANT_CONVERSION = YES;
				CLANG_WARN_DIRECT_OBJC_ISA_USAGE = YES_ERROR;
				CLANG_WARN_DOCUMENTATION_COMMENTS = YES;
				CLANG_WARN_EMPTY_BODY = YES;
				CLANG_WARN_ENUM_CONVERSION = YES;
				CLANG_WARN_INFINITE_RECURSION = YES;
				CLANG_WARN_INT_CONVERSION = YES;
				CLANG_WARN_OBJC_ROOT_CLASS = YES_ERROR;
				CLANG_WARN_SUSPICIOUS_MOVE = YES;
				CLANG_WARN_UNREACHABLE_CODE = YES;
				CLANG_WARN__DUPLICATE_METHOD_MATCH = YES;
				"CODE_SIGN_IDENTITY[sdk=iphoneos*]" = "iPhone Developer";
				COPY_PHASE_STRIP = NO;
				DEBUG_INFORMATION_FORMAT = dwarf;
				ENABLE_STRICT_OBJC_MSGSEND = YES;
				ENABLE_TESTABILITY = YES;
				GCC_C_LANGUAGE_STANDARD = gnu99;
				GCC_DYNAMIC_NO_PIC = NO;
				GCC_NO_COMMON_BLOCKS = YES;
				GCC_OPTIMIZATION_LEVEL = 0;
				GCC_PREPROCESSOR_DEFINITIONS = (
					"DEBUG=1",
					"$(inherited)",
				);
				GCC_WARN_64_TO_32_BIT_CONVERSION = YES;
				GCC_WARN_ABOUT_RETURN_TYPE = YES_ERROR;
				GCC_WARN_UNDECLARED_SELECTOR = YES;
				GCC_WARN_UNINITIALIZED_AUTOS = YES_AGGRESSIVE;
				GCC_WARN_UNUSED_FUNCTION = YES;
				GCC_WARN_UNUSED_VARIABLE = YES;
				IPHONEOS_DEPLOYMENT_TARGET = 10.2;
				MTL_ENABLE_DEBUG_INFO = YES;
				ONLY_ACTIVE_ARCH = YES;
				SDKROOT = iphoneos;
				SWIFT_ACTIVE_COMPILATION_CONDITIONS = DEBUG;
				SWIFT_OPTIMIZATION_LEVEL = "-Onone";
				TARGETED_DEVICE_FAMILY = "1,2";
			};
			name = Debug;
		};
		7EFB3D3A1F188BE4003ABDC2 /* Release */ = {
			isa = XCBuildConfiguration;
			buildSettings = {
				ALWAYS_SEARCH_USER_PATHS = NO;
				CLANG_ANALYZER_NONNULL = YES;
				CLANG_CXX_LANGUAGE_STANDARD = "gnu++0x";
				CLANG_CXX_LIBRARY = "libc++";
				CLANG_ENABLE_MODULES = YES;
				CLANG_ENABLE_OBJC_ARC = YES;
				CLANG_WARN_BOOL_CONVERSION = YES;
				CLANG_WARN_CONSTANT_CONVERSION = YES;
				CLANG_WARN_DIRECT_OBJC_ISA_USAGE = YES_ERROR;
				CLANG_WARN_DOCUMENTATION_COMMENTS = YES;
				CLANG_WARN_EMPTY_BODY = YES;
				CLANG_WARN_ENUM_CONVERSION = YES;
				CLANG_WARN_INFINITE_RECURSION = YES;
				CLANG_WARN_INT_CONVERSION = YES;
				CLANG_WARN_OBJC_ROOT_CLASS = YES_ERROR;
				CLANG_WARN_SUSPICIOUS_MOVE = YES;
				CLANG_WARN_UNREACHABLE_CODE = YES;
				CLANG_WARN__DUPLICATE_METHOD_MATCH = YES;
				"CODE_SIGN_IDENTITY[sdk=iphoneos*]" = "iPhone Developer";
				COPY_PHASE_STRIP = NO;
				DEBUG_INFORMATION_FORMAT = "dwarf-with-dsym";
				ENABLE_NS_ASSERTIONS = NO;
				ENABLE_STRICT_OBJC_MSGSEND = YES;
				GCC_C_LANGUAGE_STANDARD = gnu99;
				GCC_NO_COMMON_BLOCKS = YES;
				GCC_WARN_64_TO_32_BIT_CONVERSION = YES;
				GCC_WARN_ABOUT_RETURN_TYPE = YES_ERROR;
				GCC_WARN_UNDECLARED_SELECTOR = YES;
				GCC_WARN_UNINITIALIZED_AUTOS = YES_AGGRESSIVE;
				GCC_WARN_UNUSED_FUNCTION = YES;
				GCC_WARN_UNUSED_VARIABLE = YES;
				IPHONEOS_DEPLOYMENT_TARGET = 10.2;
				MTL_ENABLE_DEBUG_INFO = NO;
				SDKROOT = iphoneos;
				SWIFT_OPTIMIZATION_LEVEL = "-Owholemodule";
				TARGETED_DEVICE_FAMILY = "1,2";
				VALIDATE_PRODUCT = YES;
			};
			name = Release;
		};
		7EFB3D3C1F188BE4003ABDC2 /* Debug */ = {
			isa = XCBuildConfiguration;
			buildSettings = {
				ASSETCATALOG_COMPILER_APPICON_NAME = AppIcon;
				INFOPLIST_FILE = TransitionAnimations/Info.plist;
				LD_RUNPATH_SEARCH_PATHS = "$(inherited) @executable_path/Frameworks";
				PRODUCT_BUNDLE_IDENTIFIER = com.thoughtworks.example.TransitionAnimations;
				PRODUCT_NAME = "$(TARGET_NAME)";
				SWIFT_INCLUDE_PATHS = "";
				SWIFT_VERSION = 3.0;
			};
			name = Debug;
		};
		7EFB3D3D1F188BE4003ABDC2 /* Release */ = {
			isa = XCBuildConfiguration;
			buildSettings = {
				ASSETCATALOG_COMPILER_APPICON_NAME = AppIcon;
				INFOPLIST_FILE = TransitionAnimations/Info.plist;
				LD_RUNPATH_SEARCH_PATHS = "$(inherited) @executable_path/Frameworks";
				PRODUCT_BUNDLE_IDENTIFIER = com.thoughtworks.example.TransitionAnimations;
				PRODUCT_NAME = "$(TARGET_NAME)";
				SWIFT_INCLUDE_PATHS = "";
				SWIFT_VERSION = 3.0;
			};
			name = Release;
		};
		7EFB3D3F1F188BE4003ABDC2 /* Debug */ = {
			isa = XCBuildConfiguration;
			buildSettings = {
				ALWAYS_EMBED_SWIFT_STANDARD_LIBRARIES = YES;
				BUNDLE_LOADER = "$(TEST_HOST)";
				INFOPLIST_FILE = TransitionAnimationsTests/Info.plist;
				LD_RUNPATH_SEARCH_PATHS = "$(inherited) @executable_path/Frameworks @loader_path/Frameworks";
				PRODUCT_BUNDLE_IDENTIFIER = com.thoughtworks.example.TransitionAnimationsTests;
				PRODUCT_NAME = "$(TARGET_NAME)";
				SWIFT_VERSION = 3.0;
				TEST_HOST = "$(BUILT_PRODUCTS_DIR)/TransitionAnimations.app/TransitionAnimations";
			};
			name = Debug;
		};
		7EFB3D401F188BE4003ABDC2 /* Release */ = {
			isa = XCBuildConfiguration;
			buildSettings = {
				ALWAYS_EMBED_SWIFT_STANDARD_LIBRARIES = YES;
				BUNDLE_LOADER = "$(TEST_HOST)";
				INFOPLIST_FILE = TransitionAnimationsTests/Info.plist;
				LD_RUNPATH_SEARCH_PATHS = "$(inherited) @executable_path/Frameworks @loader_path/Frameworks";
				PRODUCT_BUNDLE_IDENTIFIER = com.thoughtworks.example.TransitionAnimationsTests;
				PRODUCT_NAME = "$(TARGET_NAME)";
				SWIFT_VERSION = 3.0;
				TEST_HOST = "$(BUILT_PRODUCTS_DIR)/TransitionAnimations.app/TransitionAnimations";
			};
			name = Release;
		};
/* End XCBuildConfiguration section */

/* Begin XCConfigurationList section */
		7EFB3D191F188BE4003ABDC2 /* Build configuration list for PBXProject "TransitionAnimations" */ = {
			isa = XCConfigurationList;
			buildConfigurations = (
				7EFB3D391F188BE4003ABDC2 /* Debug */,
				7EFB3D3A1F188BE4003ABDC2 /* Release */,
			);
			defaultConfigurationIsVisible = 0;
			defaultConfigurationName = Release;
		};
		7EFB3D3B1F188BE4003ABDC2 /* Build configuration list for PBXNativeTarget "TransitionAnimations" */ = {
			isa = XCConfigurationList;
			buildConfigurations = (
				7EFB3D3C1F188BE4003ABDC2 /* Debug */,
				7EFB3D3D1F188BE4003ABDC2 /* Release */,
			);
			defaultConfigurationIsVisible = 0;
			defaultConfigurationName = Release;
		};
		7EFB3D3E1F188BE4003ABDC2 /* Build configuration list for PBXNativeTarget "TransitionAnimationsTests" */ = {
			isa = XCConfigurationList;
			buildConfigurations = (
				7EFB3D3F1F188BE4003ABDC2 /* Debug */,
				7EFB3D401F188BE4003ABDC2 /* Release */,
			);
			defaultConfigurationIsVisible = 0;
			defaultConfigurationName = Release;
		};
/* End XCConfigurationList section */
	};
	rootObject = 7EFB3D161F188BE4003ABDC2 /* Project object */;
}
